<?xml version="1.0" encoding="utf-8"?>
<Project ToolsVersion="4.0" xmlns="http://schemas.microsoft.com/developer/msbuild/2003">
  <ItemGroup>
    <ClCompile Include="camera.c" />
    <ClCompile Include="file_utils.c" />
    <ClCompile Include="gl_utils.c" />
    <ClCompile Include="render.c" />
    <ClCompile Include="stb_image.c" />
    <ClCompile Include="texture.c" />
    <ClCompile Include="atlas.c" />
  </ItemGroup>
  <ItemGroup>
    <ClInclude Include="camera.h" />
    <ClInclude Include="file_utils.h" />
    <ClInclude Include="gl_utils.h" />
    <ClInclude Include="khash.h" />
    <ClInclude Include="render.h" />
    <ClInclude Include="sprite.h" />
    <ClInclude Include="texture.h" />
    <ClInclude Include="atlas.h" />
  </ItemGroup>
</Project>